
Microsoft Visual Studio Solution File, Format Version 12.00
# Visual Studio Version 17
VisualStudioVersion = 17.11.35327.3
MinimumVisualStudioVersion = 10.0.40219.1
Project("{8BC9CEB8-8B4A-11D0-8D11-00A0C91BC942}") = "BOJ_2578", "BOJ_2578.vcxproj", "{F0C61737-AEB1-44F4-9F44-B6717487E2BC}"
EndProject
Global
	GlobalSection(SolutionConfigurationPlatforms) = preSolution
		Debug|x64 = Debug|x64
		Release|x64 = Release|x64
	EndGlobalSection
	GlobalSection(ProjectConfigurationPlatforms) = postSolution
		{F0C61737-AEB1-44F4-9F44-B6717487E2BC}.Debug|x64.ActiveCfg = Debug|x64
		{F0C61737-AEB1-44F4-9F44-B6717487E2BC}.Debug|x64.Build.0 = Debug|x64
		{F0C61737-AEB1-44F4-9F44-B6717487E2BC}.Release|x64.ActiveCfg = Release|x64
		{F0C61737-AEB1-44F4-9F44-B6717487E2BC}.Release|x64.Build.0 = Release|x64
	EndGlobalSection
	GlobalSection(SolutionProperties) = preSolution
		HideSolutionNode = FALSE
	EndGlobalSection
	GlobalSection(ExtensibilityGlobals) = postSolution
		SolutionGuid = {787A8D5C-E899-4C3C-AA1B-92FD2F5A783F}
	EndGlobalSection
EndGlobal
